
Microsoft Visual Studio Solution File, Format Version 12.00
# Visual Studio Version 17
VisualStudioVersion = 17.1.32210.238
MinimumVisualStudioVersion = 10.0.40219.1
Project("{2150E333-8FDC-42A3-9474-1A3956D46DE8}") = "Solution Items", "Solution Items", "{ECC8AC69-6463-493F-BCAE-4C4776460198}"
	ProjectSection(SolutionItems) = preProject
		Step.txt = Step.txt
	EndProjectSection
EndProject
Project("{2150E333-8FDC-42A3-9474-1A3956D46DE8}") = "Host", "Host", "{11966F52-7B28-4E61-B13F-091BCB0EC646}"
EndProject
Project("{2150E333-8FDC-42A3-9474-1A3956D46DE8}") = "Modules", "Modules", "{92D5B0AA-F0B7-4981-BEF1-E3AA15E117D7}"
EndProject
Project("{2150E333-8FDC-42A3-9474-1A3956D46DE8}") = "Frameworks", "Frameworks", "{990AE7A4-79B5-4010-AF03-71CA2CF32943}"
EndProject
Project("{9A19103F-16F7-4668-BE54-9A1E7A4F7556}") = "Framework.Api", "Framework.Api\Framework.Api.csproj", "{3A0FD66C-4C26-4A4C-B4F0-A32887FFD096}"
EndProject
Project("{2150E333-8FDC-42A3-9474-1A3956D46DE8}") = "Users", "Users", "{081D9C0F-8C41-432D-91D5-57503B781CA7}"
EndProject
Project("{2150E333-8FDC-42A3-9474-1A3956D46DE8}") = "Command", "Command", "{45551088-E1A2-4F81-BF94-2495DDE378DA}"
EndProject
Project("{2150E333-8FDC-42A3-9474-1A3956D46DE8}") = "Query", "Query", "{3405D765-C5DC-4269-A2B8-BB9FFDE6C309}"
EndProject
Project("{9A19103F-16F7-4668-BE54-9A1E7A4F7556}") = "Host.Api", "Host.Api\Host.Api.csproj", "{064858B1-C611-450C-9BAF-C5449B248C4E}"
EndProject
Project("{9A19103F-16F7-4668-BE54-9A1E7A4F7556}") = "Framework.ASP.Extensions", "Framework.ASP.Extensions\Framework.ASP.Extensions.csproj", "{8FF47B85-EE4F-43E9-AAEA-4A80702AB6E5}"
EndProject
Project("{9A19103F-16F7-4668-BE54-9A1E7A4F7556}") = "Framework.ASP.Middlewares", "Framework.ASP.Middlewares\Framework.ASP.Middlewares.csproj", "{E9D31EEC-06FB-42CD-870A-1148DAA455D8}"
EndProject
Project("{9A19103F-16F7-4668-BE54-9A1E7A4F7556}") = "Framework.SqlClient", "Framework.SqlClient\Framework.SqlClient.csproj", "{2852ADB1-0DEA-4CDD-9ABD-053F0FFB45DF}"
EndProject
Project("{2150E333-8FDC-42A3-9474-1A3956D46DE8}") = "Shared", "Shared", "{CDDBDD8F-0A8C-4053-9EE7-2DAF0767183E}"
EndProject
Project("{2150E333-8FDC-42A3-9474-1A3956D46DE8}") = "Entity", "Entity", "{A691E9D6-E681-42ED-BB99-A5F7E26B2D7B}"
EndProject
Project("{9A19103F-16F7-4668-BE54-9A1E7A4F7556}") = "Module.Command.User", "Module.Command.User\Module.Command.User.csproj", "{9C696746-20B3-41EA-BE3E-70D4D0CEC071}"
EndProject
Project("{9A19103F-16F7-4668-BE54-9A1E7A4F7556}") = "Module.Shared.Entity.User", "Module.Shared.Entity.User\Module.Shared.Entity.User.csproj", "{6EE7E681-A99E-4BF0-B55B-CED61D2BBFCF}"
EndProject
Project("{9A19103F-16F7-4668-BE54-9A1E7A4F7556}") = "Framework.Entity", "Framework.Entity\Framework.Entity.csproj", "{30523671-10B9-41B0-81EF-F9A96DB46616}"
EndProject
Project("{2150E333-8FDC-42A3-9474-1A3956D46DE8}") = "Database", "Database", "{FB7C3402-97D7-4F1C-8667-19D64976CC26}"
EndProject
Project("{00D1A9C2-B5F0-4AF3-8072-F6C62B433612}") = "Module.Database.User", "Module.Database.User\Module.Database.User.sqlproj", "{7EB3EBF0-9741-48CB-B97A-EFFB8AD0C80C}"
EndProject
Project("{2150E333-8FDC-42A3-9474-1A3956D46DE8}") = "Business", "Business", "{FB695587-595A-4C57-987C-50CFBD7CEF79}"
EndProject
Project("{2150E333-8FDC-42A3-9474-1A3956D46DE8}") = "Rule", "Rule", "{5B5E1C12-5C5F-4F2F-A381-04B501030854}"
EndProject
Project("{9A19103F-16F7-4668-BE54-9A1E7A4F7556}") = "Module.Shared.Business.Rule.User", "Module.Shared.Business.Rule.User\Module.Shared.Business.Rule.User.csproj", "{2C352913-A8CE-44CE-A9EF-A48079677349}"
EndProject
Project("{2150E333-8FDC-42A3-9474-1A3956D46DE8}") = "Test", "Test", "{54A6A695-A604-499D-8B9A-6F8DB9FB2281}"
EndProject
Project("{2150E333-8FDC-42A3-9474-1A3956D46DE8}") = "UnitTest", "UnitTest", "{CDA9FAB2-6E09-4FDB-BC7C-8922B17561E5}"
EndProject
Project("{2150E333-8FDC-42A3-9474-1A3956D46DE8}") = "IntegrationTest", "IntegrationTest", "{3F8A5E54-4F94-41DC-BA16-39333888EA8E}"
EndProject
Project("{9A19103F-16F7-4668-BE54-9A1E7A4F7556}") = "Module.UnitTest.Command.User", "Module.UnitTest.Command.User\Module.UnitTest.Command.User.csproj", "{88946615-30BB-438C-92BC-5F443C565DC5}"
EndProject
Project("{9A19103F-16F7-4668-BE54-9A1E7A4F7556}") = "Module.IntegrationTest.Command.User", "Module.IntegrationTest.Command.User\Module.IntegrationTest.Command.User.csproj", "{27857293-D607-40A1-9B82-FC0BF57E17BC}"
EndProject
Project("{FAE04EC0-301F-11D3-BF4B-00C04F79EFBC}") = "Module.Query.User", "Module.Query.User\Module.Query.User.csproj", "{22554E6A-8832-4157-BA35-7C63E2878C75}"
EndProject
Global
	GlobalSection(SolutionConfigurationPlatforms) = preSolution
		Debug|Any CPU = Debug|Any CPU
		Release|Any CPU = Release|Any CPU
	EndGlobalSection
	GlobalSection(ProjectConfigurationPlatforms) = postSolution
		{3A0FD66C-4C26-4A4C-B4F0-A32887FFD096}.Debug|Any CPU.ActiveCfg = Debug|Any CPU
		{3A0FD66C-4C26-4A4C-B4F0-A32887FFD096}.Debug|Any CPU.Build.0 = Debug|Any CPU
		{3A0FD66C-4C26-4A4C-B4F0-A32887FFD096}.Release|Any CPU.ActiveCfg = Release|Any CPU
		{3A0FD66C-4C26-4A4C-B4F0-A32887FFD096}.Release|Any CPU.Build.0 = Release|Any CPU
		{064858B1-C611-450C-9BAF-C5449B248C4E}.Debug|Any CPU.ActiveCfg = Debug|Any CPU
		{064858B1-C611-450C-9BAF-C5449B248C4E}.Debug|Any CPU.Build.0 = Debug|Any CPU
		{064858B1-C611-450C-9BAF-C5449B248C4E}.Release|Any CPU.ActiveCfg = Release|Any CPU
		{064858B1-C611-450C-9BAF-C5449B248C4E}.Release|Any CPU.Build.0 = Release|Any CPU
		{8FF47B85-EE4F-43E9-AAEA-4A80702AB6E5}.Debug|Any CPU.ActiveCfg = Debug|Any CPU
		{8FF47B85-EE4F-43E9-AAEA-4A80702AB6E5}.Debug|Any CPU.Build.0 = Debug|Any CPU
		{8FF47B85-EE4F-43E9-AAEA-4A80702AB6E5}.Release|Any CPU.ActiveCfg = Release|Any CPU
		{8FF47B85-EE4F-43E9-AAEA-4A80702AB6E5}.Release|Any CPU.Build.0 = Release|Any CPU
		{E9D31EEC-06FB-42CD-870A-1148DAA455D8}.Debug|Any CPU.ActiveCfg = Debug|Any CPU
		{E9D31EEC-06FB-42CD-870A-1148DAA455D8}.Debug|Any CPU.Build.0 = Debug|Any CPU
		{E9D31EEC-06FB-42CD-870A-1148DAA455D8}.Release|Any CPU.ActiveCfg = Release|Any CPU
		{E9D31EEC-06FB-42CD-870A-1148DAA455D8}.Release|Any CPU.Build.0 = Release|Any CPU
		{2852ADB1-0DEA-4CDD-9ABD-053F0FFB45DF}.Debug|Any CPU.ActiveCfg = Debug|Any CPU
		{2852ADB1-0DEA-4CDD-9ABD-053F0FFB45DF}.Debug|Any CPU.Build.0 = Debug|Any CPU
		{2852ADB1-0DEA-4CDD-9ABD-053F0FFB45DF}.Release|Any CPU.ActiveCfg = Release|Any CPU
		{2852ADB1-0DEA-4CDD-9ABD-053F0FFB45DF}.Release|Any CPU.Build.0 = Release|Any CPU
		{9C696746-20B3-41EA-BE3E-70D4D0CEC071}.Debug|Any CPU.ActiveCfg = Debug|Any CPU
		{9C696746-20B3-41EA-BE3E-70D4D0CEC071}.Debug|Any CPU.Build.0 = Debug|Any CPU
		{9C696746-20B3-41EA-BE3E-70D4D0CEC071}.Release|Any CPU.ActiveCfg = Release|Any CPU
		{9C696746-20B3-41EA-BE3E-70D4D0CEC071}.Release|Any CPU.Build.0 = Release|Any CPU
		{6EE7E681-A99E-4BF0-B55B-CED61D2BBFCF}.Debug|Any CPU.ActiveCfg = Debug|Any CPU
		{6EE7E681-A99E-4BF0-B55B-CED61D2BBFCF}.Debug|Any CPU.Build.0 = Debug|Any CPU
		{6EE7E681-A99E-4BF0-B55B-CED61D2BBFCF}.Release|Any CPU.ActiveCfg = Release|Any CPU
		{6EE7E681-A99E-4BF0-B55B-CED61D2BBFCF}.Release|Any CPU.Build.0 = Release|Any CPU
		{30523671-10B9-41B0-81EF-F9A96DB46616}.Debug|Any CPU.ActiveCfg = Debug|Any CPU
		{30523671-10B9-41B0-81EF-F9A96DB46616}.Debug|Any CPU.Build.0 = Debug|Any CPU
		{30523671-10B9-41B0-81EF-F9A96DB46616}.Release|Any CPU.ActiveCfg = Release|Any CPU
		{30523671-10B9-41B0-81EF-F9A96DB46616}.Release|Any CPU.Build.0 = Release|Any CPU
		{7EB3EBF0-9741-48CB-B97A-EFFB8AD0C80C}.Debug|Any CPU.ActiveCfg = Debug|Any CPU
		{7EB3EBF0-9741-48CB-B97A-EFFB8AD0C80C}.Debug|Any CPU.Build.0 = Debug|Any CPU
		{7EB3EBF0-9741-48CB-B97A-EFFB8AD0C80C}.Debug|Any CPU.Deploy.0 = Debug|Any CPU
		{7EB3EBF0-9741-48CB-B97A-EFFB8AD0C80C}.Release|Any CPU.ActiveCfg = Release|Any CPU
		{7EB3EBF0-9741-48CB-B97A-EFFB8AD0C80C}.Release|Any CPU.Build.0 = Release|Any CPU
		{7EB3EBF0-9741-48CB-B97A-EFFB8AD0C80C}.Release|Any CPU.Deploy.0 = Release|Any CPU
		{2C352913-A8CE-44CE-A9EF-A48079677349}.Debug|Any CPU.ActiveCfg = Debug|Any CPU
		{2C352913-A8CE-44CE-A9EF-A48079677349}.Debug|Any CPU.Build.0 = Debug|Any CPU
		{2C352913-A8CE-44CE-A9EF-A48079677349}.Release|Any CPU.ActiveCfg = Release|Any CPU
		{2C352913-A8CE-44CE-A9EF-A48079677349}.Release|Any CPU.Build.0 = Release|Any CPU
		{88946615-30BB-438C-92BC-5F443C565DC5}.Debug|Any CPU.ActiveCfg = Debug|Any CPU
		{88946615-30BB-438C-92BC-5F443C565DC5}.Debug|Any CPU.Build.0 = Debug|Any CPU
		{88946615-30BB-438C-92BC-5F443C565DC5}.Release|Any CPU.ActiveCfg = Release|Any CPU
		{88946615-30BB-438C-92BC-5F443C565DC5}.Release|Any CPU.Build.0 = Release|Any CPU
		{27857293-D607-40A1-9B82-FC0BF57E17BC}.Debug|Any CPU.ActiveCfg = Debug|Any CPU
		{27857293-D607-40A1-9B82-FC0BF57E17BC}.Debug|Any CPU.Build.0 = Debug|Any CPU
		{27857293-D607-40A1-9B82-FC0BF57E17BC}.Release|Any CPU.ActiveCfg = Release|Any CPU
		{27857293-D607-40A1-9B82-FC0BF57E17BC}.Release|Any CPU.Build.0 = Release|Any CPU
		{22554E6A-8832-4157-BA35-7C63E2878C75}.Debug|Any CPU.ActiveCfg = Debug|Any CPU
		{22554E6A-8832-4157-BA35-7C63E2878C75}.Debug|Any CPU.Build.0 = Debug|Any CPU
		{22554E6A-8832-4157-BA35-7C63E2878C75}.Release|Any CPU.ActiveCfg = Release|Any CPU
		{22554E6A-8832-4157-BA35-7C63E2878C75}.Release|Any CPU.Build.0 = Release|Any CPU
	EndGlobalSection
	GlobalSection(SolutionProperties) = preSolution
		HideSolutionNode = FALSE
	EndGlobalSection
	GlobalSection(NestedProjects) = preSolution
		{3A0FD66C-4C26-4A4C-B4F0-A32887FFD096} = {990AE7A4-79B5-4010-AF03-71CA2CF32943}
		{081D9C0F-8C41-432D-91D5-57503B781CA7} = {92D5B0AA-F0B7-4981-BEF1-E3AA15E117D7}
		{45551088-E1A2-4F81-BF94-2495DDE378DA} = {081D9C0F-8C41-432D-91D5-57503B781CA7}
		{3405D765-C5DC-4269-A2B8-BB9FFDE6C309} = {081D9C0F-8C41-432D-91D5-57503B781CA7}
		{064858B1-C611-450C-9BAF-C5449B248C4E} = {11966F52-7B28-4E61-B13F-091BCB0EC646}
		{8FF47B85-EE4F-43E9-AAEA-4A80702AB6E5} = {990AE7A4-79B5-4010-AF03-71CA2CF32943}
		{E9D31EEC-06FB-42CD-870A-1148DAA455D8} = {990AE7A4-79B5-4010-AF03-71CA2CF32943}
		{2852ADB1-0DEA-4CDD-9ABD-053F0FFB45DF} = {990AE7A4-79B5-4010-AF03-71CA2CF32943}
		{CDDBDD8F-0A8C-4053-9EE7-2DAF0767183E} = {081D9C0F-8C41-432D-91D5-57503B781CA7}
		{A691E9D6-E681-42ED-BB99-A5F7E26B2D7B} = {CDDBDD8F-0A8C-4053-9EE7-2DAF0767183E}
		{9C696746-20B3-41EA-BE3E-70D4D0CEC071} = {45551088-E1A2-4F81-BF94-2495DDE378DA}
		{6EE7E681-A99E-4BF0-B55B-CED61D2BBFCF} = {A691E9D6-E681-42ED-BB99-A5F7E26B2D7B}
		{30523671-10B9-41B0-81EF-F9A96DB46616} = {990AE7A4-79B5-4010-AF03-71CA2CF32943}
		{FB7C3402-97D7-4F1C-8667-19D64976CC26} = {081D9C0F-8C41-432D-91D5-57503B781CA7}
		{7EB3EBF0-9741-48CB-B97A-EFFB8AD0C80C} = {FB7C3402-97D7-4F1C-8667-19D64976CC26}
		{FB695587-595A-4C57-987C-50CFBD7CEF79} = {CDDBDD8F-0A8C-4053-9EE7-2DAF0767183E}
		{5B5E1C12-5C5F-4F2F-A381-04B501030854} = {FB695587-595A-4C57-987C-50CFBD7CEF79}
		{2C352913-A8CE-44CE-A9EF-A48079677349} = {5B5E1C12-5C5F-4F2F-A381-04B501030854}
		{54A6A695-A604-499D-8B9A-6F8DB9FB2281} = {081D9C0F-8C41-432D-91D5-57503B781CA7}
		{CDA9FAB2-6E09-4FDB-BC7C-8922B17561E5} = {54A6A695-A604-499D-8B9A-6F8DB9FB2281}
		{3F8A5E54-4F94-41DC-BA16-39333888EA8E} = {54A6A695-A604-499D-8B9A-6F8DB9FB2281}
		{88946615-30BB-438C-92BC-5F443C565DC5} = {CDA9FAB2-6E09-4FDB-BC7C-8922B17561E5}
		{27857293-D607-40A1-9B82-FC0BF57E17BC} = {3F8A5E54-4F94-41DC-BA16-39333888EA8E}
		{22554E6A-8832-4157-BA35-7C63E2878C75} = {3405D765-C5DC-4269-A2B8-BB9FFDE6C309}
	EndGlobalSection
	GlobalSection(ExtensibilityGlobals) = postSolution
		SolutionGuid = {5059FDA1-0CD0-411C-B6A8-18675E6C662B}
	EndGlobalSection
EndGlobal
